
Microsoft Visual Studio Solution File, Format Version 12.00
# Visual Studio Version 17
VisualStudioVersion = 17.2.32526.322
MinimumVisualStudioVersion = 10.0.40219.1
Project("{FAE04EC0-301F-11D3-BF4B-00C04F79EFBC}") = "TLobbyEditor", "TLobbyEditor\TLobbyEditor.csproj", "{D31EC675-6992-4E95-ACF5-291B6679A847}"
EndProject
Global
	GlobalSection(SolutionConfigurationPlatforms) = preSolution
		Debug|Any CPU = Debug|Any CPU
		Release|Any CPU = Release|Any CPU
	EndGlobalSection
	GlobalSection(ProjectConfigurationPlatforms) = postSolution
		{D31EC675-6992-4E95-ACF5-291B6679A847}.Debug|Any CPU.ActiveCfg = Debug|Any CPU
		{D31EC675-6992-4E95-ACF5-291B6679A847}.Debug|Any CPU.Build.0 = Debug|Any CPU
		{D31EC675-6992-4E95-ACF5-291B6679A847}.Release|Any CPU.ActiveCfg = Release|Any CPU
		{D31EC675-6992-4E95-ACF5-291B6679A847}.Release|Any CPU.Build.0 = Release|Any CPU
	EndGlobalSection
	GlobalSection(SolutionProperties) = preSolution
		HideSolutionNode = FALSE
	EndGlobalSection
	GlobalSection(ExtensibilityGlobals) = postSolution
		SolutionGuid = {2967F2D6-2224-488C-8ECC-C9B9552F2D47}
	EndGlobalSection
EndGlobal
